
Microsoft Visual Studio Solution File, Format Version 12.00
# Visual Studio 2012
Project("{FAE04EC0-301F-11D3-BF4B-00C04F79EFBC}") = "AdminTools", "AdminTools\AdminTools.csproj", "{84B708B9-2114-455F-8358-10C19EC691F2}"
EndProject
Project("{FAE04EC0-301F-11D3-BF4B-00C04F79EFBC}") = "AdminTools.Commands", "AdminTools.Commands\AdminTools.Commands.csproj", "{A5C86C8B-F552-4A04-9F34-D3C207B64432}"
EndProject
Global
	GlobalSection(SolutionConfigurationPlatforms) = preSolution
		Debug|Any CPU = Debug|Any CPU
		Release|Any CPU = Release|Any CPU
	EndGlobalSection
	GlobalSection(ProjectConfigurationPlatforms) = postSolution
		{84B708B9-2114-455F-8358-10C19EC691F2}.Debug|Any CPU.ActiveCfg = Debug|Any CPU
		{84B708B9-2114-455F-8358-10C19EC691F2}.Debug|Any CPU.Build.0 = Debug|Any CPU
		{84B708B9-2114-455F-8358-10C19EC691F2}.Release|Any CPU.ActiveCfg = Release|Any CPU
		{84B708B9-2114-455F-8358-10C19EC691F2}.Release|Any CPU.Build.0 = Release|Any CPU
		{A5C86C8B-F552-4A04-9F34-D3C207B64432}.Debug|Any CPU.ActiveCfg = Debug|Any CPU
		{A5C86C8B-F552-4A04-9F34-D3C207B64432}.Debug|Any CPU.Build.0 = Debug|Any CPU
		{A5C86C8B-F552-4A04-9F34-D3C207B64432}.Release|Any CPU.ActiveCfg = Release|Any CPU
		{A5C86C8B-F552-4A04-9F34-D3C207B64432}.Release|Any CPU.Build.0 = Release|Any CPU
	EndGlobalSection
	GlobalSection(SolutionProperties) = preSolution
		HideSolutionNode = FALSE
	EndGlobalSection
EndGlobal
