
Microsoft Visual Studio Solution File, Format Version 12.00
# Visual Studio 2012
Project("{FAE04EC0-301F-11D3-BF4B-00C04F79EFBC}") = "Example1.VSExtension", "Example1.VSExtension\Example1.VSExtension.csproj", "{79C471E0-E933-40E5-9872-9614833ED677}"
EndProject
Project("{FAE04EC0-301F-11D3-BF4B-00C04F79EFBC}") = "Example1.SimpleNavigationItem", "Example1.SimpleNavigationItem\Example1.SimpleNavigationItem.csproj", "{58939947-F640-4620-BF70-BEA64B22FEDC}"
EndProject
Project("{FAE04EC0-301F-11D3-BF4B-00C04F79EFBC}") = "Example2.ContextSensitiveNavigationItem", "Example2.ContextSensitiveNavigationItem\Example2.ContextSensitiveNavigationItem.csproj", "{6699293A-379D-4178-9DAC-3FC9D92DFA4D}"
EndProject
Project("{FAE04EC0-301F-11D3-BF4B-00C04F79EFBC}") = "Example2.VSExtension", "Example2.VSExtension\Example2.VSExtension.csproj", "{74D5F37C-F2AC-4985-93C8-6EDCDF94196B}"
EndProject
Project("{FAE04EC0-301F-11D3-BF4B-00C04F79EFBC}") = "Example3.VSExtension", "Example3.VSExtension\Example3.VSExtension.csproj", "{C3E2425E-4F67-4BF0-AF58-77AAF6FA0BA1}"
EndProject
Project("{FAE04EC0-301F-11D3-BF4B-00C04F79EFBC}") = "Example3.NewPage", "Example3.NewPage\Example3.NewPage.csproj", "{41167A53-F94A-4AD5-8F69-F28B63C704B1}"
EndProject
Global
	GlobalSection(SolutionConfigurationPlatforms) = preSolution
		Debug|Any CPU = Debug|Any CPU
		Release|Any CPU = Release|Any CPU
	EndGlobalSection
	GlobalSection(ProjectConfigurationPlatforms) = postSolution
		{79C471E0-E933-40E5-9872-9614833ED677}.Debug|Any CPU.ActiveCfg = Debug|Any CPU
		{79C471E0-E933-40E5-9872-9614833ED677}.Debug|Any CPU.Build.0 = Debug|Any CPU
		{79C471E0-E933-40E5-9872-9614833ED677}.Release|Any CPU.ActiveCfg = Release|Any CPU
		{79C471E0-E933-40E5-9872-9614833ED677}.Release|Any CPU.Build.0 = Release|Any CPU
		{58939947-F640-4620-BF70-BEA64B22FEDC}.Debug|Any CPU.ActiveCfg = Debug|Any CPU
		{58939947-F640-4620-BF70-BEA64B22FEDC}.Debug|Any CPU.Build.0 = Debug|Any CPU
		{58939947-F640-4620-BF70-BEA64B22FEDC}.Release|Any CPU.ActiveCfg = Release|Any CPU
		{58939947-F640-4620-BF70-BEA64B22FEDC}.Release|Any CPU.Build.0 = Release|Any CPU
		{6699293A-379D-4178-9DAC-3FC9D92DFA4D}.Debug|Any CPU.ActiveCfg = Debug|Any CPU
		{6699293A-379D-4178-9DAC-3FC9D92DFA4D}.Debug|Any CPU.Build.0 = Debug|Any CPU
		{6699293A-379D-4178-9DAC-3FC9D92DFA4D}.Release|Any CPU.ActiveCfg = Release|Any CPU
		{6699293A-379D-4178-9DAC-3FC9D92DFA4D}.Release|Any CPU.Build.0 = Release|Any CPU
		{74D5F37C-F2AC-4985-93C8-6EDCDF94196B}.Debug|Any CPU.ActiveCfg = Debug|Any CPU
		{74D5F37C-F2AC-4985-93C8-6EDCDF94196B}.Debug|Any CPU.Build.0 = Debug|Any CPU
		{74D5F37C-F2AC-4985-93C8-6EDCDF94196B}.Release|Any CPU.ActiveCfg = Release|Any CPU
		{74D5F37C-F2AC-4985-93C8-6EDCDF94196B}.Release|Any CPU.Build.0 = Release|Any CPU
		{C3E2425E-4F67-4BF0-AF58-77AAF6FA0BA1}.Debug|Any CPU.ActiveCfg = Debug|Any CPU
		{C3E2425E-4F67-4BF0-AF58-77AAF6FA0BA1}.Debug|Any CPU.Build.0 = Debug|Any CPU
		{C3E2425E-4F67-4BF0-AF58-77AAF6FA0BA1}.Release|Any CPU.ActiveCfg = Release|Any CPU
		{C3E2425E-4F67-4BF0-AF58-77AAF6FA0BA1}.Release|Any CPU.Build.0 = Release|Any CPU
		{41167A53-F94A-4AD5-8F69-F28B63C704B1}.Debug|Any CPU.ActiveCfg = Debug|Any CPU
		{41167A53-F94A-4AD5-8F69-F28B63C704B1}.Debug|Any CPU.Build.0 = Debug|Any CPU
		{41167A53-F94A-4AD5-8F69-F28B63C704B1}.Release|Any CPU.ActiveCfg = Release|Any CPU
		{41167A53-F94A-4AD5-8F69-F28B63C704B1}.Release|Any CPU.Build.0 = Release|Any CPU
	EndGlobalSection
	GlobalSection(SolutionProperties) = preSolution
		HideSolutionNode = FALSE
	EndGlobalSection
EndGlobal
